
Microsoft Visual Studio Solution File, Format Version 12.00
# Visual Studio Version 17
VisualStudioVersion = 17.5.33414.496
MinimumVisualStudioVersion = 10.0.40219.1
Project("{9A19103F-16F7-4668-BE54-9A1E7A4F7556}") = "LibraryManagmentSystem.MVC", "LibraryManagmentSystem.MVC\LibraryManagmentSystem.MVC.csproj", "{36054834-46E7-42B5-929E-A5D4221033F3}"
EndProject
Project("{9A19103F-16F7-4668-BE54-9A1E7A4F7556}") = "LibraryManagmentSystem.Domain", "LibraryManagmentSystem.Domain\LibraryManagmentSystem.Domain.csproj", "{AD4EF94E-E347-4583-A609-B847F10C1B8B}"
EndProject
Project("{9A19103F-16F7-4668-BE54-9A1E7A4F7556}") = "LibraryManagmentSystem.Application", "LibraryManagmentSystem.Application\LibraryManagmentSystem.Application.csproj", "{E7A3440D-D062-4BD2-B5C6-878370836A9B}"
EndProject
Project("{9A19103F-16F7-4668-BE54-9A1E7A4F7556}") = "LibraryManagmentSystem.Infrastructure", "LibraryManagmentSystem.Infrastructure\LibraryManagmentSystem.Infrastructure.csproj", "{5F922A67-1313-4AE6-8A9A-17EDAF35BC89}"
EndProject
Project("{FAE04EC0-301F-11D3-BF4B-00C04F79EFBC}") = "LibraryManagmentSystem.ApplicationTests", "LibraryManagmentSystem.ApplicationTests\LibraryManagmentSystem.ApplicationTests.csproj", "{9B079E2E-BE3B-47EA-BC37-6621AACC6FB1}"
EndProject
Project("{2150E333-8FDC-42A3-9474-1A3956D46DE8}") = "Tests", "Tests", "{675C5595-B6D7-4114-96A9-3FF76D5D767B}"
EndProject
Global
	GlobalSection(SolutionConfigurationPlatforms) = preSolution
		Debug|Any CPU = Debug|Any CPU
		Release|Any CPU = Release|Any CPU
	EndGlobalSection
	GlobalSection(ProjectConfigurationPlatforms) = postSolution
		{36054834-46E7-42B5-929E-A5D4221033F3}.Debug|Any CPU.ActiveCfg = Debug|Any CPU
		{36054834-46E7-42B5-929E-A5D4221033F3}.Debug|Any CPU.Build.0 = Debug|Any CPU
		{36054834-46E7-42B5-929E-A5D4221033F3}.Release|Any CPU.ActiveCfg = Release|Any CPU
		{36054834-46E7-42B5-929E-A5D4221033F3}.Release|Any CPU.Build.0 = Release|Any CPU
		{AD4EF94E-E347-4583-A609-B847F10C1B8B}.Debug|Any CPU.ActiveCfg = Debug|Any CPU
		{AD4EF94E-E347-4583-A609-B847F10C1B8B}.Debug|Any CPU.Build.0 = Debug|Any CPU
		{AD4EF94E-E347-4583-A609-B847F10C1B8B}.Release|Any CPU.ActiveCfg = Release|Any CPU
		{AD4EF94E-E347-4583-A609-B847F10C1B8B}.Release|Any CPU.Build.0 = Release|Any CPU
		{E7A3440D-D062-4BD2-B5C6-878370836A9B}.Debug|Any CPU.ActiveCfg = Debug|Any CPU
		{E7A3440D-D062-4BD2-B5C6-878370836A9B}.Debug|Any CPU.Build.0 = Debug|Any CPU
		{E7A3440D-D062-4BD2-B5C6-878370836A9B}.Release|Any CPU.ActiveCfg = Release|Any CPU
		{E7A3440D-D062-4BD2-B5C6-878370836A9B}.Release|Any CPU.Build.0 = Release|Any CPU
		{5F922A67-1313-4AE6-8A9A-17EDAF35BC89}.Debug|Any CPU.ActiveCfg = Debug|Any CPU
		{5F922A67-1313-4AE6-8A9A-17EDAF35BC89}.Debug|Any CPU.Build.0 = Debug|Any CPU
		{5F922A67-1313-4AE6-8A9A-17EDAF35BC89}.Release|Any CPU.ActiveCfg = Release|Any CPU
		{5F922A67-1313-4AE6-8A9A-17EDAF35BC89}.Release|Any CPU.Build.0 = Release|Any CPU
		{9B079E2E-BE3B-47EA-BC37-6621AACC6FB1}.Debug|Any CPU.ActiveCfg = Debug|Any CPU
		{9B079E2E-BE3B-47EA-BC37-6621AACC6FB1}.Debug|Any CPU.Build.0 = Debug|Any CPU
		{9B079E2E-BE3B-47EA-BC37-6621AACC6FB1}.Release|Any CPU.ActiveCfg = Release|Any CPU
		{9B079E2E-BE3B-47EA-BC37-6621AACC6FB1}.Release|Any CPU.Build.0 = Release|Any CPU
	EndGlobalSection
	GlobalSection(SolutionProperties) = preSolution
		HideSolutionNode = FALSE
	EndGlobalSection
	GlobalSection(NestedProjects) = preSolution
		{9B079E2E-BE3B-47EA-BC37-6621AACC6FB1} = {675C5595-B6D7-4114-96A9-3FF76D5D767B}
	EndGlobalSection
	GlobalSection(ExtensibilityGlobals) = postSolution
		SolutionGuid = {318A8755-0DDB-4FF3-8A12-13BB3D9EBE34}
	EndGlobalSection
EndGlobal
